
Microsoft Visual Studio Solution File, Format Version 12.00
# Visual Studio 15
VisualStudioVersion = 15.0.26730.12
MinimumVisualStudioVersion = 10.0.40219.1
Project("{8BC9CEB8-8B4A-11D0-8D11-00A0C91BC942}") = "allocator", "allocator\allocator.vcxproj", "{FAB7D9EC-92F3-43F7-BDA8-0A8B21E9E2B0}"
EndProject
Global
	GlobalSection(SolutionConfigurationPlatforms) = preSolution
		Debug|ARM = Debug|ARM
		Debug|x64 = Debug|x64
		Debug|x86 = Debug|x86
		Release|ARM = Release|ARM
		Release|x64 = Release|x64
		Release|x86 = Release|x86
	EndGlobalSection
	GlobalSection(ProjectConfigurationPlatforms) = postSolution
		{FAB7D9EC-92F3-43F7-BDA8-0A8B21E9E2B0}.Debug|ARM.ActiveCfg = Debug|ARM
		{FAB7D9EC-92F3-43F7-BDA8-0A8B21E9E2B0}.Debug|ARM.Build.0 = Debug|ARM
		{FAB7D9EC-92F3-43F7-BDA8-0A8B21E9E2B0}.Debug|x64.ActiveCfg = Debug|x64
		{FAB7D9EC-92F3-43F7-BDA8-0A8B21E9E2B0}.Debug|x64.Build.0 = Debug|x64
		{FAB7D9EC-92F3-43F7-BDA8-0A8B21E9E2B0}.Debug|x86.ActiveCfg = Debug|x86
		{FAB7D9EC-92F3-43F7-BDA8-0A8B21E9E2B0}.Debug|x86.Build.0 = Debug|x86
		{FAB7D9EC-92F3-43F7-BDA8-0A8B21E9E2B0}.Release|ARM.ActiveCfg = Release|ARM
		{FAB7D9EC-92F3-43F7-BDA8-0A8B21E9E2B0}.Release|ARM.Build.0 = Release|ARM
		{FAB7D9EC-92F3-43F7-BDA8-0A8B21E9E2B0}.Release|x64.ActiveCfg = Release|x64
		{FAB7D9EC-92F3-43F7-BDA8-0A8B21E9E2B0}.Release|x64.Build.0 = Release|x64
		{FAB7D9EC-92F3-43F7-BDA8-0A8B21E9E2B0}.Release|x86.ActiveCfg = Release|x86
		{FAB7D9EC-92F3-43F7-BDA8-0A8B21E9E2B0}.Release|x86.Build.0 = Release|x86
	EndGlobalSection
	GlobalSection(SolutionProperties) = preSolution
		HideSolutionNode = FALSE
	EndGlobalSection
	GlobalSection(ExtensibilityGlobals) = postSolution
		SolutionGuid = {B610E9EC-E541-4185-90DC-0F4AFE29659A}
	EndGlobalSection
EndGlobal
